
Microsoft Visual Studio Solution File, Format Version 12.00
# Visual Studio 15
VisualStudioVersion = 15.0.26430.14
MinimumVisualStudioVersion = 10.0.40219.1
Project("{FAE04EC0-301F-11D3-BF4B-00C04F79EFBC}") = "Strategy", "Strategy\Strategy.csproj", "{B76A5315-4CEF-444F-849C-430BDCD57743}"
EndProject
Project("{FAE04EC0-301F-11D3-BF4B-00C04F79EFBC}") = "Strategy.Tests", "Strategy.Tests\Strategy.Tests.csproj", "{EDC8A61B-FC14-4816-BCAF-57B3A1682AD2}"
EndProject
Global
	GlobalSection(SolutionConfigurationPlatforms) = preSolution
		Debug|Any CPU = Debug|Any CPU
		Release|Any CPU = Release|Any CPU
	EndGlobalSection
	GlobalSection(ProjectConfigurationPlatforms) = postSolution
		{B76A5315-4CEF-444F-849C-430BDCD57743}.Debug|Any CPU.ActiveCfg = Debug|Any CPU
		{B76A5315-4CEF-444F-849C-430BDCD57743}.Debug|Any CPU.Build.0 = Debug|Any CPU
		{B76A5315-4CEF-444F-849C-430BDCD57743}.Release|Any CPU.ActiveCfg = Release|Any CPU
		{B76A5315-4CEF-444F-849C-430BDCD57743}.Release|Any CPU.Build.0 = Release|Any CPU
		{EDC8A61B-FC14-4816-BCAF-57B3A1682AD2}.Debug|Any CPU.ActiveCfg = Debug|Any CPU
		{EDC8A61B-FC14-4816-BCAF-57B3A1682AD2}.Debug|Any CPU.Build.0 = Debug|Any CPU
		{EDC8A61B-FC14-4816-BCAF-57B3A1682AD2}.Release|Any CPU.ActiveCfg = Release|Any CPU
		{EDC8A61B-FC14-4816-BCAF-57B3A1682AD2}.Release|Any CPU.Build.0 = Release|Any CPU
	EndGlobalSection
	GlobalSection(SolutionProperties) = preSolution
		HideSolutionNode = FALSE
	EndGlobalSection
EndGlobal
