
Microsoft Visual Studio Solution File, Format Version 12.00
# Visual Studio 15
VisualStudioVersion = 15.0.26430.14
MinimumVisualStudioVersion = 10.0.40219.1
Project("{FAE04EC0-301F-11D3-BF4B-00C04F79EFBC}") = "Momento", "Momento\Momento.csproj", "{61B02F66-B4F2-48DA-99E8-86379F230EC8}"
EndProject
Project("{FAE04EC0-301F-11D3-BF4B-00C04F79EFBC}") = "Momento.Tests", "Momento.Tests\Momento.Tests.csproj", "{290597A1-6D47-4E15-8F9A-B71A46D3CA7A}"
EndProject
Global
	GlobalSection(SolutionConfigurationPlatforms) = preSolution
		Debug|Any CPU = Debug|Any CPU
		Release|Any CPU = Release|Any CPU
	EndGlobalSection
	GlobalSection(ProjectConfigurationPlatforms) = postSolution
		{61B02F66-B4F2-48DA-99E8-86379F230EC8}.Debug|Any CPU.ActiveCfg = Debug|Any CPU
		{61B02F66-B4F2-48DA-99E8-86379F230EC8}.Debug|Any CPU.Build.0 = Debug|Any CPU
		{61B02F66-B4F2-48DA-99E8-86379F230EC8}.Release|Any CPU.ActiveCfg = Release|Any CPU
		{61B02F66-B4F2-48DA-99E8-86379F230EC8}.Release|Any CPU.Build.0 = Release|Any CPU
		{290597A1-6D47-4E15-8F9A-B71A46D3CA7A}.Debug|Any CPU.ActiveCfg = Debug|Any CPU
		{290597A1-6D47-4E15-8F9A-B71A46D3CA7A}.Debug|Any CPU.Build.0 = Debug|Any CPU
		{290597A1-6D47-4E15-8F9A-B71A46D3CA7A}.Release|Any CPU.ActiveCfg = Release|Any CPU
		{290597A1-6D47-4E15-8F9A-B71A46D3CA7A}.Release|Any CPU.Build.0 = Release|Any CPU
	EndGlobalSection
	GlobalSection(SolutionProperties) = preSolution
		HideSolutionNode = FALSE
	EndGlobalSection
EndGlobal
